
Microsoft Visual Studio Solution File, Format Version 12.00
# Visual Studio Version 17
VisualStudioVersion = 17.9.34728.123
MinimumVisualStudioVersion = 10.0.40219.1
Project("{9A19103F-16F7-4668-BE54-9A1E7A4F7556}") = "MinimalAPI", "MinimalAPI\MinimalAPI.csproj", "{D194FE5C-F427-4842-8BDD-B72496E1DD17}"
EndProject
Project("{E53339B2-1760-4266-BCC7-CA923CBCF16C}") = "docker-compose", "docker-compose.dcproj", "{7450DF5E-9487-40BA-A4A5-BA5D4C5B7406}"
EndProject
Global
	GlobalSection(SolutionConfigurationPlatforms) = preSolution
		Debug|Any CPU = Debug|Any CPU
		Release|Any CPU = Release|Any CPU
	EndGlobalSection
	GlobalSection(ProjectConfigurationPlatforms) = postSolution
		{D194FE5C-F427-4842-8BDD-B72496E1DD17}.Debug|Any CPU.ActiveCfg = Debug|Any CPU
		{D194FE5C-F427-4842-8BDD-B72496E1DD17}.Debug|Any CPU.Build.0 = Debug|Any CPU
		{D194FE5C-F427-4842-8BDD-B72496E1DD17}.Release|Any CPU.ActiveCfg = Release|Any CPU
		{D194FE5C-F427-4842-8BDD-B72496E1DD17}.Release|Any CPU.Build.0 = Release|Any CPU
		{7450DF5E-9487-40BA-A4A5-BA5D4C5B7406}.Debug|Any CPU.ActiveCfg = Debug|Any CPU
		{7450DF5E-9487-40BA-A4A5-BA5D4C5B7406}.Debug|Any CPU.Build.0 = Debug|Any CPU
		{7450DF5E-9487-40BA-A4A5-BA5D4C5B7406}.Release|Any CPU.ActiveCfg = Release|Any CPU
		{7450DF5E-9487-40BA-A4A5-BA5D4C5B7406}.Release|Any CPU.Build.0 = Release|Any CPU
	EndGlobalSection
	GlobalSection(SolutionProperties) = preSolution
		HideSolutionNode = FALSE
	EndGlobalSection
	GlobalSection(ExtensibilityGlobals) = postSolution
		SolutionGuid = {A0EF7E5E-6B88-4D36-AC37-F3F30DC39BB6}
	EndGlobalSection
EndGlobal
